// !$*UTF8*$!
{
	archiveVersion = 1;
	classes = {
	};
	objectVersion = 56;
	objects = {

/* Begin PBXBuildFile section */
		3C8F6E572AD3C814002BBF52 /* YummyMapApp.swift in Sources */ = {isa = PBXBuildFile; fileRef = 3C8F6E562AD3C814002BBF52 /* YummyMapApp.swift */; };
		3C8F6E5B2AD3C816002BBF52 /* Assets.xcassets in Resources */ = {isa = PBXBuildFile; fileRef = 3C8F6E5A2AD3C816002BBF52 /* Assets.xcassets */; };
		3C8F6E5E2AD3C816002BBF52 /* Preview Assets.xcassets in Resources */ = {isa = PBXBuildFile; fileRef = 3C8F6E5D2AD3C816002BBF52 /* Preview Assets.xcassets */; };
		3C8F6EA92AD5BA0F002BBF52 /* MapView.swift in Sources */ = {isa = PBXBuildFile; fileRef = 3C8F6EA82AD5BA0F002BBF52 /* MapView.swift */; };
		3C8F6EAB2AD63818002BBF52 /* YummyMainView.swift in Sources */ = {isa = PBXBuildFile; fileRef = 3C8F6EAA2AD63818002BBF52 /* YummyMainView.swift */; };
		3C8F6EAD2AD63929002BBF52 /* YummyMainViewModel.swift in Sources */ = {isa = PBXBuildFile; fileRef = 3C8F6EAC2AD63929002BBF52 /* YummyMainViewModel.swift */; };
		E2194D386384458594473EE8 /* Pods_YummyMap.framework in Frameworks */ = {isa = PBXBuildFile; fileRef = 0863AEA5D285F0FD21BB5CFF /* Pods_YummyMap.framework */; };
/* End PBXBuildFile section */

/* Begin PBXFileReference section */
		0863AEA5D285F0FD21BB5CFF /* Pods_YummyMap.framework */ = {isa = PBXFileReference; explicitFileType = wrapper.framework; includeInIndex = 0; path = Pods_YummyMap.framework; sourceTree = BUILT_PRODUCTS_DIR; };
		3C8F6E532AD3C814002BBF52 /* YummyMap.app */ = {isa = PBXFileReference; explicitFileType = wrapper.application; includeInIndex = 0; path = YummyMap.app; sourceTree = BUILT_PRODUCTS_DIR; };
		3C8F6E562AD3C814002BBF52 /* YummyMapApp.swift */ = {isa = PBXFileReference; lastKnownFileType = sourcecode.swift; path = YummyMapApp.swift; sourceTree = "<group>"; };
		3C8F6E5A2AD3C816002BBF52 /* Assets.xcassets */ = {isa = PBXFileReference; lastKnownFileType = folder.assetcatalog; path = Assets.xcassets; sourceTree = "<group>"; };
		3C8F6E5D2AD3C816002BBF52 /* Preview Assets.xcassets */ = {isa = PBXFileReference; lastKnownFileType = folder.assetcatalog; path = "Preview Assets.xcassets"; sourceTree = "<group>"; };
		3C8F6E9C2AD58F38002BBF52 /* Info.plist */ = {isa = PBXFileReference; lastKnownFileType = text.plist; path = Info.plist; sourceTree = "<group>"; };
		3C8F6EA82AD5BA0F002BBF52 /* MapView.swift */ = {isa = PBXFileReference; lastKnownFileType = sourcecode.swift; path = MapView.swift; sourceTree = "<group>"; };
		3C8F6EAA2AD63818002BBF52 /* YummyMainView.swift */ = {isa = PBXFileReference; lastKnownFileType = sourcecode.swift; path = YummyMainView.swift; sourceTree = "<group>"; };
		3C8F6EAC2AD63929002BBF52 /* YummyMainViewModel.swift */ = {isa = PBXFileReference; lastKnownFileType = sourcecode.swift; path = YummyMainViewModel.swift; sourceTree = "<group>"; };
		5ED51C2F0D5CDE4FB6A15629 /* Pods-YummyMap.debug.xcconfig */ = {isa = PBXFileReference; includeInIndex = 1; lastKnownFileType = text.xcconfig; name = "Pods-YummyMap.debug.xcconfig"; path = "Target Support Files/Pods-YummyMap/Pods-YummyMap.debug.xcconfig"; sourceTree = "<group>"; };
		886BC814A8B88EAFDE975BEB /* Pods-YummyMap.release.xcconfig */ = {isa = PBXFileReference; includeInIndex = 1; lastKnownFileType = text.xcconfig; name = "Pods-YummyMap.release.xcconfig"; path = "Target Support Files/Pods-YummyMap/Pods-YummyMap.release.xcconfig"; sourceTree = "<group>"; };
/* End PBXFileReference section */

/* Begin PBXFrameworksBuildPhase section */
		3C8F6E502AD3C814002BBF52 /* Frameworks */ = {
			isa = PBXFrameworksBuildPhase;
			buildActionMask = 2147483647;
			files = (
				E2194D386384458594473EE8 /* Pods_YummyMap.framework in Frameworks */,
			);
			runOnlyForDeploymentPostprocessing = 0;
		};
/* End PBXFrameworksBuildPhase section */

/* Begin PBXGroup section */
		3B30EE372AE3B27F589437A3 /* Pods */ = {
			isa = PBXGroup;
			children = (
				5ED51C2F0D5CDE4FB6A15629 /* Pods-YummyMap.debug.xcconfig */,
				886BC814A8B88EAFDE975BEB /* Pods-YummyMap.release.xcconfig */,
			);
			path = Pods;
			sourceTree = "<group>";
		};
		3C8F6E4A2AD3C814002BBF52 = {
			isa = PBXGroup;
			children = (
				3C8F6E552AD3C814002BBF52 /* YummyMap */,
				3C8F6E542AD3C814002BBF52 /* Products */,
				3B30EE372AE3B27F589437A3 /* Pods */,
				9568813C539CAD1FA3133349 /* Frameworks */,
			);
			sourceTree = "<group>";
		};
		3C8F6E542AD3C814002BBF52 /* Products */ = {
			isa = PBXGroup;
			children = (
				3C8F6E532AD3C814002BBF52 /* YummyMap.app */,
			);
			name = Products;
			sourceTree = "<group>";
		};
		3C8F6E552AD3C814002BBF52 /* YummyMap */ = {
			isa = PBXGroup;
			children = (
				3C8F6E562AD3C814002BBF52 /* YummyMapApp.swift */,
				3C8F6EAE2AD63B16002BBF52 /* Presentation */,
				3C8F6E5A2AD3C816002BBF52 /* Assets.xcassets */,
				3C8F6E9C2AD58F38002BBF52 /* Info.plist */,
				3C8F6E5C2AD3C816002BBF52 /* Preview Content */,
			);
			path = YummyMap;
			sourceTree = "<group>";
		};
		3C8F6E5C2AD3C816002BBF52 /* Preview Content */ = {
			isa = PBXGroup;
			children = (
				3C8F6E5D2AD3C816002BBF52 /* Preview Assets.xcassets */,
			);
			path = "Preview Content";
			sourceTree = "<group>";
		};
		3C8F6EAE2AD63B16002BBF52 /* Presentation */ = {
			isa = PBXGroup;
			children = (
				3C8F6EAF2AD64105002BBF52 /* Utility */,
				3C8F6EAA2AD63818002BBF52 /* YummyMainView.swift */,
				3C8F6EAC2AD63929002BBF52 /* YummyMainViewModel.swift */,
			);
			path = Presentation;
			sourceTree = "<group>";
		};
		3C8F6EAF2AD64105002BBF52 /* Utility */ = {
			isa = PBXGroup;
			children = (
				3C8F6EA82AD5BA0F002BBF52 /* MapView.swift */,
			);
			path = Utility;
			sourceTree = "<group>";
		};
		9568813C539CAD1FA3133349 /* Frameworks */ = {
			isa = PBXGroup;
			children = (
				0863AEA5D285F0FD21BB5CFF /* Pods_YummyMap.framework */,
			);
			name = Frameworks;
			sourceTree = "<group>";
		};
/* End PBXGroup section */

/* Begin PBXNativeTarget section */
		3C8F6E522AD3C814002BBF52 /* YummyMap */ = {
			isa = PBXNativeTarget;
			buildConfigurationList = 3C8F6E612AD3C816002BBF52 /* Build configuration list for PBXNativeTarget "YummyMap" */;
			buildPhases = (
				A698019939B334EE284F901C /* [CP] Check Pods Manifest.lock */,
				3C8F6E4F2AD3C814002BBF52 /* Sources */,
				3C8F6E502AD3C814002BBF52 /* Frameworks */,
				3C8F6E512AD3C814002BBF52 /* Resources */,
				2ACA639758E10FB650C0FE1A /* [CP] Embed Pods Frameworks */,
			);
			buildRules = (
			);
			dependencies = (
			);
			name = YummyMap;
			productName = YummyMap;
			productReference = 3C8F6E532AD3C814002BBF52 /* YummyMap.app */;
			productType = "com.apple.product-type.application";
		};
/* End PBXNativeTarget section */

/* Begin PBXProject section */
		3C8F6E4B2AD3C814002BBF52 /* Project object */ = {
			isa = PBXProject;
			attributes = {
				BuildIndependentTargetsInParallel = 1;
				LastSwiftUpdateCheck = 1430;
				LastUpgradeCheck = 1430;
				TargetAttributes = {
					3C8F6E522AD3C814002BBF52 = {
						CreatedOnToolsVersion = 14.3.1;
					};
				};
			};
			buildConfigurationList = 3C8F6E4E2AD3C814002BBF52 /* Build configuration list for PBXProject "YummyMap" */;
			compatibilityVersion = "Xcode 14.0";
			developmentRegion = en;
			hasScannedForEncodings = 0;
			knownRegions = (
				en,
				Base,
			);
			mainGroup = 3C8F6E4A2AD3C814002BBF52;
			productRefGroup = 3C8F6E542AD3C814002BBF52 /* Products */;
			projectDirPath = "";
			projectRoot = "";
			targets = (
				3C8F6E522AD3C814002BBF52 /* YummyMap */,
			);
		};
/* End PBXProject section */

/* Begin PBXResourcesBuildPhase section */
		3C8F6E512AD3C814002BBF52 /* Resources */ = {
			isa = PBXResourcesBuildPhase;
			buildActionMask = 2147483647;
			files = (
				3C8F6E5E2AD3C816002BBF52 /* Preview Assets.xcassets in Resources */,
				3C8F6E5B2AD3C816002BBF52 /* Assets.xcassets in Resources */,
			);
			runOnlyForDeploymentPostprocessing = 0;
		};
/* End PBXResourcesBuildPhase section */

/* Begin PBXShellScriptBuildPhase section */
		2ACA639758E10FB650C0FE1A /* [CP] Embed Pods Frameworks */ = {
			isa = PBXShellScriptBuildPhase;
			buildActionMask = 2147483647;
			files = (
			);
			inputFileListPaths = (
				"${PODS_ROOT}/Target Support Files/Pods-YummyMap/Pods-YummyMap-frameworks-${CONFIGURATION}-input-files.xcfilelist",
			);
			name = "[CP] Embed Pods Frameworks";
			outputFileListPaths = (
				"${PODS_ROOT}/Target Support Files/Pods-YummyMap/Pods-YummyMap-frameworks-${CONFIGURATION}-output-files.xcfilelist",
			);
			runOnlyForDeploymentPostprocessing = 0;
			shellPath = /bin/sh;
			shellScript = "\"${PODS_ROOT}/Target Support Files/Pods-YummyMap/Pods-YummyMap-frameworks.sh\"\n";
			showEnvVarsInLog = 0;
		};
		A698019939B334EE284F901C /* [CP] Check Pods Manifest.lock */ = {
			isa = PBXShellScriptBuildPhase;
			buildActionMask = 2147483647;
			files = (
			);
			inputFileListPaths = (
			);
			inputPaths = (
				"${PODS_PODFILE_DIR_PATH}/Podfile.lock",
				"${PODS_ROOT}/Manifest.lock",
			);
			name = "[CP] Check Pods Manifest.lock";
			outputFileListPaths = (
			);
			outputPaths = (
				"$(DERIVED_FILE_DIR)/Pods-YummyMap-checkManifestLockResult.txt",
			);
			runOnlyForDeploymentPostprocessing = 0;
			shellPath = /bin/sh;
			shellScript = "diff \"${PODS_PODFILE_DIR_PATH}/Podfile.lock\" \"${PODS_ROOT}/Manifest.lock\" > /dev/null\nif [ $? != 0 ] ; then\n    # print error to STDERR\n    echo \"error: The sandbox is not in sync with the Podfile.lock. Run 'pod install' or update your CocoaPods installation.\" >&2\n    exit 1\nfi\n# This output is used by Xcode 'outputs' to avoid re-running this script phase.\necho \"SUCCESS\" > \"${SCRIPT_OUTPUT_FILE_0}\"\n";
			showEnvVarsInLog = 0;
		};
/* End PBXShellScriptBuildPhase section */

/* Begin PBXSourcesBuildPhase section */
		3C8F6E4F2AD3C814002BBF52 /* Sources */ = {
			isa = PBXSourcesBuildPhase;
			buildActionMask = 2147483647;
			files = (
				3C8F6EAB2AD63818002BBF52 /* YummyMainView.swift in Sources */,
				3C8F6EAD2AD63929002BBF52 /* YummyMainViewModel.swift in Sources */,
				3C8F6EA92AD5BA0F002BBF52 /* MapView.swift in Sources */,
				3C8F6E572AD3C814002BBF52 /* YummyMapApp.swift in Sources */,
			);
			runOnlyForDeploymentPostprocessing = 0;
		};
/* End PBXSourcesBuildPhase section */

/* Begin XCBuildConfiguration section */
		3C8F6E5F2AD3C816002BBF52 /* Debug */ = {
			isa = XCBuildConfiguration;
			buildSettings = {
				ALWAYS_SEARCH_USER_PATHS = NO;
				CLANG_ANALYZER_NONNULL = YES;
				CLANG_ANALYZER_NUMBER_OBJECT_CONVERSION = YES_AGGRESSIVE;
				CLANG_CXX_LANGUAGE_STANDARD = "gnu++20";
				CLANG_ENABLE_MODULES = YES;
				CLANG_ENABLE_OBJC_ARC = YES;
				CLANG_ENABLE_OBJC_WEAK = YES;
				CLANG_WARN_BLOCK_CAPTURE_AUTORELEASING = YES;
				CLANG_WARN_BOOL_CONVERSION = YES;
				CLANG_WARN_COMMA = YES;
				CLANG_WARN_CONSTANT_CONVERSION = YES;
				CLANG_WARN_DEPRECATED_OBJC_IMPLEMENTATIONS = YES;
				CLANG_WARN_DIRECT_OBJC_ISA_USAGE = YES_ERROR;
				CLANG_WARN_DOCUMENTATION_COMMENTS = YES;
				CLANG_WARN_EMPTY_BODY = YES;
				CLANG_WARN_ENUM_CONVERSION = YES;
				CLANG_WARN_INFINITE_RECURSION = YES;
				CLANG_WARN_INT_CONVERSION = YES;
				CLANG_WARN_NON_LITERAL_NULL_CONVERSION = YES;
				CLANG_WARN_OBJC_IMPLICIT_RETAIN_SELF = YES;
				CLANG_WARN_OBJC_LITERAL_CONVERSION = YES;
				CLANG_WARN_OBJC_ROOT_CLASS = YES_ERROR;
				CLANG_WARN_QUOTED_INCLUDE_IN_FRAMEWORK_HEADER = YES;
				CLANG_WARN_RANGE_LOOP_ANALYSIS = YES;
				CLANG_WARN_STRICT_PROTOTYPES = YES;
				CLANG_WARN_SUSPICIOUS_MOVE = YES;
				CLANG_WARN_UNGUARDED_AVAILABILITY = YES_AGGRESSIVE;
				CLANG_WARN_UNREACHABLE_CODE = YES;
				CLANG_WARN__DUPLICATE_METHOD_MATCH = YES;
				COPY_PHASE_STRIP = NO;
				DEBUG_INFORMATION_FORMAT = dwarf;
				ENABLE_STRICT_OBJC_MSGSEND = YES;
				ENABLE_TESTABILITY = YES;
				GCC_C_LANGUAGE_STANDARD = gnu11;
				GCC_DYNAMIC_NO_PIC = NO;
				GCC_NO_COMMON_BLOCKS = YES;
				GCC_OPTIMIZATION_LEVEL = 0;
				GCC_PREPROCESSOR_DEFINITIONS = (
					"DEBUG=1",
					"$(inherited)",
				);
				GCC_WARN_64_TO_32_BIT_CONVERSION = YES;
				GCC_WARN_ABOUT_RETURN_TYPE = YES_ERROR;
				GCC_WARN_UNDECLARED_SELECTOR = YES;
				GCC_WARN_UNINITIALIZED_AUTOS = YES_AGGRESSIVE;
				GCC_WARN_UNUSED_FUNCTION = YES;
				GCC_WARN_UNUSED_VARIABLE = YES;
				IPHONEOS_DEPLOYMENT_TARGET = 16.4;
				MTL_ENABLE_DEBUG_INFO = INCLUDE_SOURCE;
				MTL_FAST_MATH = YES;
				ONLY_ACTIVE_ARCH = YES;
				SDKROOT = iphoneos;
				SWIFT_ACTIVE_COMPILATION_CONDITIONS = DEBUG;
				SWIFT_OPTIMIZATION_LEVEL = "-Onone";
			};
			name = Debug;
		};
		3C8F6E602AD3C816002BBF52 /* Release */ = {
			isa = XCBuildConfiguration;
			buildSettings = {
				ALWAYS_SEARCH_USER_PATHS = NO;
				CLANG_ANALYZER_NONNULL = YES;
				CLANG_ANALYZER_NUMBER_OBJECT_CONVERSION = YES_AGGRESSIVE;
				CLANG_CXX_LANGUAGE_STANDARD = "gnu++20";
				CLANG_ENABLE_MODULES = YES;
				CLANG_ENABLE_OBJC_ARC = YES;
				CLANG_ENABLE_OBJC_WEAK = YES;
				CLANG_WARN_BLOCK_CAPTURE_AUTORELEASING = YES;
				CLANG_WARN_BOOL_CONVERSION = YES;
				CLANG_WARN_COMMA = YES;
				CLANG_WARN_CONSTANT_CONVERSION = YES;
				CLANG_WARN_DEPRECATED_OBJC_IMPLEMENTATIONS = YES;
				CLANG_WARN_DIRECT_OBJC_ISA_USAGE = YES_ERROR;
				CLANG_WARN_DOCUMENTATION_COMMENTS = YES;
				CLANG_WARN_EMPTY_BODY = YES;
				CLANG_WARN_ENUM_CONVERSION = YES;
				CLANG_WARN_INFINITE_RECURSION = YES;
				CLANG_WARN_INT_CONVERSION = YES;
				CLANG_WARN_NON_LITERAL_NULL_CONVERSION = YES;
				CLANG_WARN_OBJC_IMPLICIT_RETAIN_SELF = YES;
				CLANG_WARN_OBJC_LITERAL_CONVERSION = YES;
				CLANG_WARN_OBJC_ROOT_CLASS = YES_ERROR;
				CLANG_WARN_QUOTED_INCLUDE_IN_FRAMEWORK_HEADER = YES;
				CLANG_WARN_RANGE_LOOP_ANALYSIS = YES;
				CLANG_WARN_STRICT_PROTOTYPES = YES;
				CLANG_WARN_SUSPICIOUS_MOVE = YES;
				CLANG_WARN_UNGUARDED_AVAILABILITY = YES_AGGRESSIVE;
				CLANG_WARN_UNREACHABLE_CODE = YES;
				CLANG_WARN__DUPLICATE_METHOD_MATCH = YES;
				COPY_PHASE_STRIP = NO;
				DEBUG_INFORMATION_FORMAT = "dwarf-with-dsym";
				ENABLE_NS_ASSERTIONS = NO;
				ENABLE_STRICT_OBJC_MSGSEND = YES;
				GCC_C_LANGUAGE_STANDARD = gnu11;
				GCC_NO_COMMON_BLOCKS = YES;
				GCC_WARN_64_TO_32_BIT_CONVERSION = YES;
				GCC_WARN_ABOUT_RETURN_TYPE = YES_ERROR;
				GCC_WARN_UNDECLARED_SELECTOR = YES;
				GCC_WARN_UNINITIALIZED_AUTOS = YES_AGGRESSIVE;
				GCC_WARN_UNUSED_FUNCTION = YES;
				GCC_WARN_UNUSED_VARIABLE = YES;
				IPHONEOS_DEPLOYMENT_TARGET = 16.4;
				MTL_ENABLE_DEBUG_INFO = NO;
				MTL_FAST_MATH = YES;
				SDKROOT = iphoneos;
				SWIFT_COMPILATION_MODE = wholemodule;
				SWIFT_OPTIMIZATION_LEVEL = "-O";
				VALIDATE_PRODUCT = YES;
			};
			name = Release;
		};
		3C8F6E622AD3C816002BBF52 /* Debug */ = {
			isa = XCBuildConfiguration;
			baseConfigurationReference = 5ED51C2F0D5CDE4FB6A15629 /* Pods-YummyMap.debug.xcconfig */;
			buildSettings = {
				ASSETCATALOG_COMPILER_APPICON_NAME = AppIcon;
				ASSETCATALOG_COMPILER_GLOBAL_ACCENT_COLOR_NAME = AccentColor;
				CODE_SIGN_STYLE = Automatic;
				CURRENT_PROJECT_VERSION = 1;
				DEVELOPMENT_ASSET_PATHS = "\"YummyMap/Preview Content\"";
				DEVELOPMENT_TEAM = 3T3N2732X8;
				ENABLE_PREVIEWS = YES;
				GENERATE_INFOPLIST_FILE = YES;
				INFOPLIST_FILE = YummyMap/Info.plist;
				INFOPLIST_KEY_NSLocationAlwaysAndWhenInUseUsageDescription = "해당 앱은~";
				INFOPLIST_KEY_UIApplicationSceneManifest_Generation = YES;
				INFOPLIST_KEY_UIApplicationSupportsIndirectInputEvents = YES;
				INFOPLIST_KEY_UILaunchScreen_Generation = YES;
				INFOPLIST_KEY_UISupportedInterfaceOrientations_iPad = "UIInterfaceOrientationPortrait UIInterfaceOrientationPortraitUpsideDown UIInterfaceOrientationLandscapeLeft UIInterfaceOrientationLandscapeRight";
				INFOPLIST_KEY_UISupportedInterfaceOrientations_iPhone = "UIInterfaceOrientationPortrait UIInterfaceOrientationLandscapeLeft UIInterfaceOrientationLandscapeRight";
				IPHONEOS_DEPLOYMENT_TARGET = 15.0;
				LD_RUNPATH_SEARCH_PATHS = (
					"$(inherited)",
					"@executable_path/Frameworks",
				);
				MARKETING_VERSION = 1.0;
				PRODUCT_BUNDLE_IDENTIFIER = com.whales.YummyMap;
				PRODUCT_NAME = "$(TARGET_NAME)";
				SWIFT_EMIT_LOC_STRINGS = YES;
				SWIFT_VERSION = 5.0;
				TARGETED_DEVICE_FAMILY = "1,2";
			};
			name = Debug;
		};
		3C8F6E632AD3C816002BBF52 /* Release */ = {
			isa = XCBuildConfiguration;
			baseConfigurationReference = 886BC814A8B88EAFDE975BEB /* Pods-YummyMap.release.xcconfig */;
			buildSettings = {
				ASSETCATALOG_COMPILER_APPICON_NAME = AppIcon;
				ASSETCATALOG_COMPILER_GLOBAL_ACCENT_COLOR_NAME = AccentColor;
				CODE_SIGN_STYLE = Automatic;
				CURRENT_PROJECT_VERSION = 1;
				DEVELOPMENT_ASSET_PATHS = "\"YummyMap/Preview Content\"";
				DEVELOPMENT_TEAM = 3T3N2732X8;
				ENABLE_PREVIEWS = YES;
				GENERATE_INFOPLIST_FILE = YES;
				INFOPLIST_FILE = YummyMap/Info.plist;
				INFOPLIST_KEY_NSLocationAlwaysAndWhenInUseUsageDescription = "해당 앱은~";
				INFOPLIST_KEY_UIApplicationSceneManifest_Generation = YES;
				INFOPLIST_KEY_UIApplicationSupportsIndirectInputEvents = YES;
				INFOPLIST_KEY_UILaunchScreen_Generation = YES;
				INFOPLIST_KEY_UISupportedInterfaceOrientations_iPad = "UIInterfaceOrientationPortrait UIInterfaceOrientationPortraitUpsideDown UIInterfaceOrientationLandscapeLeft UIInterfaceOrientationLandscapeRight";
				INFOPLIST_KEY_UISupportedInterfaceOrientations_iPhone = "UIInterfaceOrientationPortrait UIInterfaceOrientationLandscapeLeft UIInterfaceOrientationLandscapeRight";
				IPHONEOS_DEPLOYMENT_TARGET = 15.0;
				LD_RUNPATH_SEARCH_PATHS = (
					"$(inherited)",
					"@executable_path/Frameworks",
				);
				MARKETING_VERSION = 1.0;
				PRODUCT_BUNDLE_IDENTIFIER = com.whales.YummyMap;
				PRODUCT_NAME = "$(TARGET_NAME)";
				SWIFT_EMIT_LOC_STRINGS = YES;
				SWIFT_VERSION = 5.0;
				TARGETED_DEVICE_FAMILY = "1,2";
			};
			name = Release;
		};
/* End XCBuildConfiguration section */

/* Begin XCConfigurationList section */
		3C8F6E4E2AD3C814002BBF52 /* Build configuration list for PBXProject "YummyMap" */ = {
			isa = XCConfigurationList;
			buildConfigurations = (
				3C8F6E5F2AD3C816002BBF52 /* Debug */,
				3C8F6E602AD3C816002BBF52 /* Release */,
			);
			defaultConfigurationIsVisible = 0;
			defaultConfigurationName = Release;
		};
		3C8F6E612AD3C816002BBF52 /* Build configuration list for PBXNativeTarget "YummyMap" */ = {
			isa = XCConfigurationList;
			buildConfigurations = (
				3C8F6E622AD3C816002BBF52 /* Debug */,
				3C8F6E632AD3C816002BBF52 /* Release */,
			);
			defaultConfigurationIsVisible = 0;
			defaultConfigurationName = Release;
		};
/* End XCConfigurationList section */
	};
	rootObject = 3C8F6E4B2AD3C814002BBF52 /* Project object */;
}
