// !$*UTF8*$!
{
	archiveVersion = 1;
	classes = {
	};
	objectVersion = 56;
	objects = {

/* Begin PBXBuildFile section */
		3C8F6E572AD3C814002BBF52 /* YummyMapApp.swift in Sources */ = {isa = PBXBuildFile; fileRef = 3C8F6E562AD3C814002BBF52 /* YummyMapApp.swift */; };
		3C8F6E592AD3C814002BBF52 /* YummyMainView.swift in Sources */ = {isa = PBXBuildFile; fileRef = 3C8F6E582AD3C814002BBF52 /* YummyMainView.swift */; };
		3C8F6E5B2AD3C816002BBF52 /* Assets.xcassets in Resources */ = {isa = PBXBuildFile; fileRef = 3C8F6E5A2AD3C816002BBF52 /* Assets.xcassets */; };
		3C8F6E5E2AD3C816002BBF52 /* Preview Assets.xcassets in Resources */ = {isa = PBXBuildFile; fileRef = 3C8F6E5D2AD3C816002BBF52 /* Preview Assets.xcassets */; };
		3C8F6EA92AD5BA0F002BBF52 /* MapView.swift in Sources */ = {isa = PBXBuildFile; fileRef = 3C8F6EA82AD5BA0F002BBF52 /* MapView.swift */; };
		3C8F6EB22AD67C1C002BBF52 /* AddYummyView.swift in Sources */ = {isa = PBXBuildFile; fileRef = 3C8F6EB12AD67C1C002BBF52 /* AddYummyView.swift */; };
		3C8F6EB52AD6B4D6002BBF52 /* GroupListView.swift in Sources */ = {isa = PBXBuildFile; fileRef = 3C8F6EB42AD6B4D6002BBF52 /* GroupListView.swift */; };
		3C8F6EB82AD6B6BE002BBF52 /* YummyPlace.swift in Sources */ = {isa = PBXBuildFile; fileRef = 3C8F6EB72AD6B6BE002BBF52 /* YummyPlace.swift */; };
		3C8F6EBA2AD6C0ED002BBF52 /* AddYummyViewModel.swift in Sources */ = {isa = PBXBuildFile; fileRef = 3C8F6EB92AD6C0ED002BBF52 /* AddYummyViewModel.swift */; };
		3C8F6EBC2AD6E300002BBF52 /* GroupListViewModel.swift in Sources */ = {isa = PBXBuildFile; fileRef = 3C8F6EBB2AD6E300002BBF52 /* GroupListViewModel.swift */; };
		3C8F6EBE2AD701D8002BBF52 /* YummyGroup.swift in Sources */ = {isa = PBXBuildFile; fileRef = 3C8F6EBD2AD701D8002BBF52 /* YummyGroup.swift */; };
		3C8F6EC02AD701EF002BBF52 /* PlaceCategory.swift in Sources */ = {isa = PBXBuildFile; fileRef = 3C8F6EBF2AD701EF002BBF52 /* PlaceCategory.swift */; };
		3CBFF6222ADD5BE30010160A /* Marker.swift in Sources */ = {isa = PBXBuildFile; fileRef = 3CBFF6212ADD5BE30010160A /* Marker.swift */; };
		3CFABA0C2AD86C13001DBEB5 /* YummyMainViewModel.swift in Sources */ = {isa = PBXBuildFile; fileRef = 3CFABA0B2AD86C13001DBEB5 /* YummyMainViewModel.swift */; };
		3CFABA0E2AD93E77001DBEB5 /* Coordinator.swift in Sources */ = {isa = PBXBuildFile; fileRef = 3CFABA0D2AD93E76001DBEB5 /* Coordinator.swift */; };
		3CFABA102ADC31D1001DBEB5 /* APIKey.plist in Resources */ = {isa = PBXBuildFile; fileRef = 3CFABA0F2ADC31D1001DBEB5 /* APIKey.plist */; };
		3CFABA122ADC32C2001DBEB5 /* GeocodeAPI.swift in Sources */ = {isa = PBXBuildFile; fileRef = 3CFABA112ADC32C2001DBEB5 /* GeocodeAPI.swift */; };
		3CFABA142ADC3425001DBEB5 /* URLConfigurable.swift in Sources */ = {isa = PBXBuildFile; fileRef = 3CFABA132ADC3425001DBEB5 /* URLConfigurable.swift */; };
		3CFABA162ADC34FA001DBEB5 /* Bundle+.swift in Sources */ = {isa = PBXBuildFile; fileRef = 3CFABA152ADC34FA001DBEB5 /* Bundle+.swift */; };
		3CFABA182ADC3679001DBEB5 /* URL+.swift in Sources */ = {isa = PBXBuildFile; fileRef = 3CFABA172ADC3679001DBEB5 /* URL+.swift */; };
		3CFABA1A2ADC3944001DBEB5 /* NetworkError.swift in Sources */ = {isa = PBXBuildFile; fileRef = 3CFABA192ADC3944001DBEB5 /* NetworkError.swift */; };
		3CFABA1C2ADC3966001DBEB5 /* NetworkManager.swift in Sources */ = {isa = PBXBuildFile; fileRef = 3CFABA1B2ADC3966001DBEB5 /* NetworkManager.swift */; };
		3CFABA202ADC4FBE001DBEB5 /* DecodingManager.swift in Sources */ = {isa = PBXBuildFile; fileRef = 3CFABA1F2ADC4FBE001DBEB5 /* DecodingManager.swift */; };
		3CFABA222ADC4FE8001DBEB5 /* DataError.swift in Sources */ = {isa = PBXBuildFile; fileRef = 3CFABA212ADC4FE8001DBEB5 /* DataError.swift */; };
		3CFABA242ADC58C4001DBEB5 /* YummyPlaceManager.swift in Sources */ = {isa = PBXBuildFile; fileRef = 3CFABA232ADC58C4001DBEB5 /* YummyPlaceManager.swift */; };
		3CFABA282ADD4EF3001DBEB5 /* Address.swift in Sources */ = {isa = PBXBuildFile; fileRef = 3CFABA272ADD4EF3001DBEB5 /* Address.swift */; };
		E2194D386384458594473EE8 /* Pods_YummyMap.framework in Frameworks */ = {isa = PBXBuildFile; fileRef = 0863AEA5D285F0FD21BB5CFF /* Pods_YummyMap.framework */; };
/* End PBXBuildFile section */

/* Begin PBXFileReference section */
		0863AEA5D285F0FD21BB5CFF /* Pods_YummyMap.framework */ = {isa = PBXFileReference; explicitFileType = wrapper.framework; includeInIndex = 0; path = Pods_YummyMap.framework; sourceTree = BUILT_PRODUCTS_DIR; };
		3C8F6E532AD3C814002BBF52 /* YummyMap.app */ = {isa = PBXFileReference; explicitFileType = wrapper.application; includeInIndex = 0; path = YummyMap.app; sourceTree = BUILT_PRODUCTS_DIR; };
		3C8F6E562AD3C814002BBF52 /* YummyMapApp.swift */ = {isa = PBXFileReference; lastKnownFileType = sourcecode.swift; path = YummyMapApp.swift; sourceTree = "<group>"; };
		3C8F6E582AD3C814002BBF52 /* YummyMainView.swift */ = {isa = PBXFileReference; lastKnownFileType = sourcecode.swift; path = YummyMainView.swift; sourceTree = "<group>"; };
		3C8F6E5A2AD3C816002BBF52 /* Assets.xcassets */ = {isa = PBXFileReference; lastKnownFileType = folder.assetcatalog; path = Assets.xcassets; sourceTree = "<group>"; };
		3C8F6E5D2AD3C816002BBF52 /* Preview Assets.xcassets */ = {isa = PBXFileReference; lastKnownFileType = folder.assetcatalog; path = "Preview Assets.xcassets"; sourceTree = "<group>"; };
		3C8F6E9C2AD58F38002BBF52 /* Info.plist */ = {isa = PBXFileReference; lastKnownFileType = text.plist; path = Info.plist; sourceTree = "<group>"; };
		3C8F6EA82AD5BA0F002BBF52 /* MapView.swift */ = {isa = PBXFileReference; lastKnownFileType = sourcecode.swift; path = MapView.swift; sourceTree = "<group>"; };
		3C8F6EB12AD67C1C002BBF52 /* AddYummyView.swift */ = {isa = PBXFileReference; lastKnownFileType = sourcecode.swift; path = AddYummyView.swift; sourceTree = "<group>"; };
		3C8F6EB42AD6B4D6002BBF52 /* GroupListView.swift */ = {isa = PBXFileReference; lastKnownFileType = sourcecode.swift; path = GroupListView.swift; sourceTree = "<group>"; };
		3C8F6EB72AD6B6BE002BBF52 /* YummyPlace.swift */ = {isa = PBXFileReference; lastKnownFileType = sourcecode.swift; path = YummyPlace.swift; sourceTree = "<group>"; };
		3C8F6EB92AD6C0ED002BBF52 /* AddYummyViewModel.swift */ = {isa = PBXFileReference; lastKnownFileType = sourcecode.swift; path = AddYummyViewModel.swift; sourceTree = "<group>"; };
		3C8F6EBB2AD6E300002BBF52 /* GroupListViewModel.swift */ = {isa = PBXFileReference; lastKnownFileType = sourcecode.swift; path = GroupListViewModel.swift; sourceTree = "<group>"; };
		3C8F6EBD2AD701D8002BBF52 /* YummyGroup.swift */ = {isa = PBXFileReference; lastKnownFileType = sourcecode.swift; path = YummyGroup.swift; sourceTree = "<group>"; };
		3C8F6EBF2AD701EF002BBF52 /* PlaceCategory.swift */ = {isa = PBXFileReference; lastKnownFileType = sourcecode.swift; path = PlaceCategory.swift; sourceTree = "<group>"; };
		3CBFF6212ADD5BE30010160A /* Marker.swift */ = {isa = PBXFileReference; lastKnownFileType = sourcecode.swift; path = Marker.swift; sourceTree = "<group>"; };
		3CFABA0B2AD86C13001DBEB5 /* YummyMainViewModel.swift */ = {isa = PBXFileReference; lastKnownFileType = sourcecode.swift; path = YummyMainViewModel.swift; sourceTree = "<group>"; };
		3CFABA0D2AD93E76001DBEB5 /* Coordinator.swift */ = {isa = PBXFileReference; lastKnownFileType = sourcecode.swift; path = Coordinator.swift; sourceTree = "<group>"; };
		3CFABA0F2ADC31D1001DBEB5 /* APIKey.plist */ = {isa = PBXFileReference; lastKnownFileType = text.plist.xml; path = APIKey.plist; sourceTree = "<group>"; };
		3CFABA112ADC32C2001DBEB5 /* GeocodeAPI.swift */ = {isa = PBXFileReference; lastKnownFileType = sourcecode.swift; path = GeocodeAPI.swift; sourceTree = "<group>"; };
		3CFABA132ADC3425001DBEB5 /* URLConfigurable.swift */ = {isa = PBXFileReference; lastKnownFileType = sourcecode.swift; path = URLConfigurable.swift; sourceTree = "<group>"; };
		3CFABA152ADC34FA001DBEB5 /* Bundle+.swift */ = {isa = PBXFileReference; lastKnownFileType = sourcecode.swift; path = "Bundle+.swift"; sourceTree = "<group>"; };
		3CFABA172ADC3679001DBEB5 /* URL+.swift */ = {isa = PBXFileReference; lastKnownFileType = sourcecode.swift; path = "URL+.swift"; sourceTree = "<group>"; };
		3CFABA192ADC3944001DBEB5 /* NetworkError.swift */ = {isa = PBXFileReference; lastKnownFileType = sourcecode.swift; path = NetworkError.swift; sourceTree = "<group>"; };
		3CFABA1B2ADC3966001DBEB5 /* NetworkManager.swift */ = {isa = PBXFileReference; lastKnownFileType = sourcecode.swift; path = NetworkManager.swift; sourceTree = "<group>"; };
		3CFABA1F2ADC4FBE001DBEB5 /* DecodingManager.swift */ = {isa = PBXFileReference; lastKnownFileType = sourcecode.swift; path = DecodingManager.swift; sourceTree = "<group>"; };
		3CFABA212ADC4FE8001DBEB5 /* DataError.swift */ = {isa = PBXFileReference; lastKnownFileType = sourcecode.swift; path = DataError.swift; sourceTree = "<group>"; };
		3CFABA232ADC58C4001DBEB5 /* YummyPlaceManager.swift */ = {isa = PBXFileReference; lastKnownFileType = sourcecode.swift; path = YummyPlaceManager.swift; sourceTree = "<group>"; };
		3CFABA272ADD4EF3001DBEB5 /* Address.swift */ = {isa = PBXFileReference; lastKnownFileType = sourcecode.swift; path = Address.swift; sourceTree = "<group>"; };
		5ED51C2F0D5CDE4FB6A15629 /* Pods-YummyMap.debug.xcconfig */ = {isa = PBXFileReference; includeInIndex = 1; lastKnownFileType = text.xcconfig; name = "Pods-YummyMap.debug.xcconfig"; path = "Target Support Files/Pods-YummyMap/Pods-YummyMap.debug.xcconfig"; sourceTree = "<group>"; };
		886BC814A8B88EAFDE975BEB /* Pods-YummyMap.release.xcconfig */ = {isa = PBXFileReference; includeInIndex = 1; lastKnownFileType = text.xcconfig; name = "Pods-YummyMap.release.xcconfig"; path = "Target Support Files/Pods-YummyMap/Pods-YummyMap.release.xcconfig"; sourceTree = "<group>"; };
/* End PBXFileReference section */

/* Begin PBXFrameworksBuildPhase section */
		3C8F6E502AD3C814002BBF52 /* Frameworks */ = {
			isa = PBXFrameworksBuildPhase;
			buildActionMask = 2147483647;
			files = (
				E2194D386384458594473EE8 /* Pods_YummyMap.framework in Frameworks */,
			);
			runOnlyForDeploymentPostprocessing = 0;
		};
/* End PBXFrameworksBuildPhase section */

/* Begin PBXGroup section */
		3B30EE372AE3B27F589437A3 /* Pods */ = {
			isa = PBXGroup;
			children = (
				5ED51C2F0D5CDE4FB6A15629 /* Pods-YummyMap.debug.xcconfig */,
				886BC814A8B88EAFDE975BEB /* Pods-YummyMap.release.xcconfig */,
			);
			path = Pods;
			sourceTree = "<group>";
		};
		3C8F6E4A2AD3C814002BBF52 = {
			isa = PBXGroup;
			children = (
				3C8F6E552AD3C814002BBF52 /* YummyMap */,
				3C8F6E542AD3C814002BBF52 /* Products */,
				3B30EE372AE3B27F589437A3 /* Pods */,
				9568813C539CAD1FA3133349 /* Frameworks */,
			);
			sourceTree = "<group>";
		};
		3C8F6E542AD3C814002BBF52 /* Products */ = {
			isa = PBXGroup;
			children = (
				3C8F6E532AD3C814002BBF52 /* YummyMap.app */,
			);
			name = Products;
			sourceTree = "<group>";
		};
		3C8F6E552AD3C814002BBF52 /* YummyMap */ = {
			isa = PBXGroup;
			children = (
				3C8F6E562AD3C814002BBF52 /* YummyMapApp.swift */,
				3CFABA082AD86B1B001DBEB5 /* Presentation */,
				3C8F6EB62AD6B6A4002BBF52 /* Model */,
				3C8F6E5A2AD3C816002BBF52 /* Assets.xcassets */,
				3C8F6E9C2AD58F38002BBF52 /* Info.plist */,
				3CFABA0F2ADC31D1001DBEB5 /* APIKey.plist */,
				3C8F6E5C2AD3C816002BBF52 /* Preview Content */,
			);
			path = YummyMap;
			sourceTree = "<group>";
		};
		3C8F6E5C2AD3C816002BBF52 /* Preview Content */ = {
			isa = PBXGroup;
			children = (
				3C8F6E5D2AD3C816002BBF52 /* Preview Assets.xcassets */,
			);
			path = "Preview Content";
			sourceTree = "<group>";
		};
		3C8F6EB02AD67C07002BBF52 /* AddYummy */ = {
			isa = PBXGroup;
			children = (
				3C8F6EB12AD67C1C002BBF52 /* AddYummyView.swift */,
				3C8F6EB92AD6C0ED002BBF52 /* AddYummyViewModel.swift */,
				3C8F6EB32AD6B499002BBF52 /* GroupList */,
			);
			path = AddYummy;
			sourceTree = "<group>";
		};
		3C8F6EB32AD6B499002BBF52 /* GroupList */ = {
			isa = PBXGroup;
			children = (
				3C8F6EB42AD6B4D6002BBF52 /* GroupListView.swift */,
				3C8F6EBB2AD6E300002BBF52 /* GroupListViewModel.swift */,
			);
			path = GroupList;
			sourceTree = "<group>";
		};
		3C8F6EB62AD6B6A4002BBF52 /* Model */ = {
			isa = PBXGroup;
			children = (
				3C8F6EB72AD6B6BE002BBF52 /* YummyPlace.swift */,
				3C8F6EBD2AD701D8002BBF52 /* YummyGroup.swift */,
				3C8F6EBF2AD701EF002BBF52 /* PlaceCategory.swift */,
				3CFABA232ADC58C4001DBEB5 /* YummyPlaceManager.swift */,
				3CFABA252ADD3574001DBEB5 /* Network */,
			);
			path = Model;
			sourceTree = "<group>";
		};
		3CFABA082AD86B1B001DBEB5 /* Presentation */ = {
			isa = PBXGroup;
			children = (
				3CFABA092AD86B4E001DBEB5 /* Utility */,
				3CFABA0A2AD86BEB001DBEB5 /* YummyMainView */,
				3C8F6EB02AD67C07002BBF52 /* AddYummy */,
			);
			path = Presentation;
			sourceTree = "<group>";
		};
		3CFABA092AD86B4E001DBEB5 /* Utility */ = {
			isa = PBXGroup;
			children = (
				3C8F6EA82AD5BA0F002BBF52 /* MapView.swift */,
				3CFABA0D2AD93E76001DBEB5 /* Coordinator.swift */,
				3CBFF6212ADD5BE30010160A /* Marker.swift */,
			);
			path = Utility;
			sourceTree = "<group>";
		};
		3CFABA0A2AD86BEB001DBEB5 /* YummyMainView */ = {
			isa = PBXGroup;
			children = (
				3C8F6E582AD3C814002BBF52 /* YummyMainView.swift */,
				3CFABA0B2AD86C13001DBEB5 /* YummyMainViewModel.swift */,
			);
			path = YummyMainView;
			sourceTree = "<group>";
		};
		3CFABA252ADD3574001DBEB5 /* Network */ = {
			isa = PBXGroup;
			children = (
				3CFABA272ADD4EF3001DBEB5 /* Address.swift */,
				3CFABA1B2ADC3966001DBEB5 /* NetworkManager.swift */,
				3CFABA1F2ADC4FBE001DBEB5 /* DecodingManager.swift */,
				3CFABA112ADC32C2001DBEB5 /* GeocodeAPI.swift */,
				3CFABA132ADC3425001DBEB5 /* URLConfigurable.swift */,
				3CFABA152ADC34FA001DBEB5 /* Bundle+.swift */,
				3CFABA172ADC3679001DBEB5 /* URL+.swift */,
				3CFABA262ADD35A3001DBEB5 /* Error */,
			);
			path = Network;
			sourceTree = "<group>";
		};
		3CFABA262ADD35A3001DBEB5 /* Error */ = {
			isa = PBXGroup;
			children = (
				3CFABA192ADC3944001DBEB5 /* NetworkError.swift */,
				3CFABA212ADC4FE8001DBEB5 /* DataError.swift */,
			);
			path = Error;
			sourceTree = "<group>";
		};
		9568813C539CAD1FA3133349 /* Frameworks */ = {
			isa = PBXGroup;
			children = (
				0863AEA5D285F0FD21BB5CFF /* Pods_YummyMap.framework */,
			);
			name = Frameworks;
			sourceTree = "<group>";
		};
/* End PBXGroup section */

/* Begin PBXNativeTarget section */
		3C8F6E522AD3C814002BBF52 /* YummyMap */ = {
			isa = PBXNativeTarget;
			buildConfigurationList = 3C8F6E612AD3C816002BBF52 /* Build configuration list for PBXNativeTarget "YummyMap" */;
			buildPhases = (
				A698019939B334EE284F901C /* [CP] Check Pods Manifest.lock */,
				3C8F6E4F2AD3C814002BBF52 /* Sources */,
				3C8F6E502AD3C814002BBF52 /* Frameworks */,
				3C8F6E512AD3C814002BBF52 /* Resources */,
				2ACA639758E10FB650C0FE1A /* [CP] Embed Pods Frameworks */,
			);
			buildRules = (
			);
			dependencies = (
			);
			name = YummyMap;
			productName = YummyMap;
			productReference = 3C8F6E532AD3C814002BBF52 /* YummyMap.app */;
			productType = "com.apple.product-type.application";
		};
/* End PBXNativeTarget section */

/* Begin PBXProject section */
		3C8F6E4B2AD3C814002BBF52 /* Project object */ = {
			isa = PBXProject;
			attributes = {
				BuildIndependentTargetsInParallel = 1;
				LastSwiftUpdateCheck = 1430;
				LastUpgradeCheck = 1430;
				TargetAttributes = {
					3C8F6E522AD3C814002BBF52 = {
						CreatedOnToolsVersion = 14.3.1;
					};
				};
			};
			buildConfigurationList = 3C8F6E4E2AD3C814002BBF52 /* Build configuration list for PBXProject "YummyMap" */;
			compatibilityVersion = "Xcode 14.0";
			developmentRegion = en;
			hasScannedForEncodings = 0;
			knownRegions = (
				en,
				Base,
			);
			mainGroup = 3C8F6E4A2AD3C814002BBF52;
			productRefGroup = 3C8F6E542AD3C814002BBF52 /* Products */;
			projectDirPath = "";
			projectRoot = "";
			targets = (
				3C8F6E522AD3C814002BBF52 /* YummyMap */,
			);
		};
/* End PBXProject section */

/* Begin PBXResourcesBuildPhase section */
		3C8F6E512AD3C814002BBF52 /* Resources */ = {
			isa = PBXResourcesBuildPhase;
			buildActionMask = 2147483647;
			files = (
				3CFABA102ADC31D1001DBEB5 /* APIKey.plist in Resources */,
				3C8F6E5E2AD3C816002BBF52 /* Preview Assets.xcassets in Resources */,
				3C8F6E5B2AD3C816002BBF52 /* Assets.xcassets in Resources */,
			);
			runOnlyForDeploymentPostprocessing = 0;
		};
/* End PBXResourcesBuildPhase section */

/* Begin PBXShellScriptBuildPhase section */
		2ACA639758E10FB650C0FE1A /* [CP] Embed Pods Frameworks */ = {
			isa = PBXShellScriptBuildPhase;
			buildActionMask = 2147483647;
			files = (
			);
			inputFileListPaths = (
				"${PODS_ROOT}/Target Support Files/Pods-YummyMap/Pods-YummyMap-frameworks-${CONFIGURATION}-input-files.xcfilelist",
			);
			name = "[CP] Embed Pods Frameworks";
			outputFileListPaths = (
				"${PODS_ROOT}/Target Support Files/Pods-YummyMap/Pods-YummyMap-frameworks-${CONFIGURATION}-output-files.xcfilelist",
			);
			runOnlyForDeploymentPostprocessing = 0;
			shellPath = /bin/sh;
			shellScript = "\"${PODS_ROOT}/Target Support Files/Pods-YummyMap/Pods-YummyMap-frameworks.sh\"\n";
			showEnvVarsInLog = 0;
		};
		A698019939B334EE284F901C /* [CP] Check Pods Manifest.lock */ = {
			isa = PBXShellScriptBuildPhase;
			buildActionMask = 2147483647;
			files = (
			);
			inputFileListPaths = (
			);
			inputPaths = (
				"${PODS_PODFILE_DIR_PATH}/Podfile.lock",
				"${PODS_ROOT}/Manifest.lock",
			);
			name = "[CP] Check Pods Manifest.lock";
			outputFileListPaths = (
			);
			outputPaths = (
				"$(DERIVED_FILE_DIR)/Pods-YummyMap-checkManifestLockResult.txt",
			);
			runOnlyForDeploymentPostprocessing = 0;
			shellPath = /bin/sh;
			shellScript = "diff \"${PODS_PODFILE_DIR_PATH}/Podfile.lock\" \"${PODS_ROOT}/Manifest.lock\" > /dev/null\nif [ $? != 0 ] ; then\n    # print error to STDERR\n    echo \"error: The sandbox is not in sync with the Podfile.lock. Run 'pod install' or update your CocoaPods installation.\" >&2\n    exit 1\nfi\n# This output is used by Xcode 'outputs' to avoid re-running this script phase.\necho \"SUCCESS\" > \"${SCRIPT_OUTPUT_FILE_0}\"\n";
			showEnvVarsInLog = 0;
		};
/* End PBXShellScriptBuildPhase section */

/* Begin PBXSourcesBuildPhase section */
		3C8F6E4F2AD3C814002BBF52 /* Sources */ = {
			isa = PBXSourcesBuildPhase;
			buildActionMask = 2147483647;
			files = (
				3CFABA1C2ADC3966001DBEB5 /* NetworkManager.swift in Sources */,
				3CFABA1A2ADC3944001DBEB5 /* NetworkError.swift in Sources */,
				3CBFF6222ADD5BE30010160A /* Marker.swift in Sources */,
				3C8F6E592AD3C814002BBF52 /* YummyMainView.swift in Sources */,
				3CFABA202ADC4FBE001DBEB5 /* DecodingManager.swift in Sources */,
				3C8F6EBC2AD6E300002BBF52 /* GroupListViewModel.swift in Sources */,
				3CFABA142ADC3425001DBEB5 /* URLConfigurable.swift in Sources */,
				3CFABA182ADC3679001DBEB5 /* URL+.swift in Sources */,
				3CFABA0C2AD86C13001DBEB5 /* YummyMainViewModel.swift in Sources */,
				3C8F6EB52AD6B4D6002BBF52 /* GroupListView.swift in Sources */,
				3C8F6EA92AD5BA0F002BBF52 /* MapView.swift in Sources */,
				3CFABA222ADC4FE8001DBEB5 /* DataError.swift in Sources */,
				3C8F6EBA2AD6C0ED002BBF52 /* AddYummyViewModel.swift in Sources */,
				3C8F6EBE2AD701D8002BBF52 /* YummyGroup.swift in Sources */,
				3CFABA242ADC58C4001DBEB5 /* YummyPlaceManager.swift in Sources */,
				3C8F6EB22AD67C1C002BBF52 /* AddYummyView.swift in Sources */,
				3CFABA162ADC34FA001DBEB5 /* Bundle+.swift in Sources */,
				3CFABA0E2AD93E77001DBEB5 /* Coordinator.swift in Sources */,
				3C8F6EC02AD701EF002BBF52 /* PlaceCategory.swift in Sources */,
				3C8F6E572AD3C814002BBF52 /* YummyMapApp.swift in Sources */,
				3C8F6EB82AD6B6BE002BBF52 /* YummyPlace.swift in Sources */,
				3CFABA282ADD4EF3001DBEB5 /* Address.swift in Sources */,
				3CFABA122ADC32C2001DBEB5 /* GeocodeAPI.swift in Sources */,
			);
			runOnlyForDeploymentPostprocessing = 0;
		};
/* End PBXSourcesBuildPhase section */

/* Begin XCBuildConfiguration section */
		3C8F6E5F2AD3C816002BBF52 /* Debug */ = {
			isa = XCBuildConfiguration;
			buildSettings = {
				ALWAYS_SEARCH_USER_PATHS = NO;
				CLANG_ANALYZER_NONNULL = YES;
				CLANG_ANALYZER_NUMBER_OBJECT_CONVERSION = YES_AGGRESSIVE;
				CLANG_CXX_LANGUAGE_STANDARD = "gnu++20";
				CLANG_ENABLE_MODULES = YES;
				CLANG_ENABLE_OBJC_ARC = YES;
				CLANG_ENABLE_OBJC_WEAK = YES;
				CLANG_WARN_BLOCK_CAPTURE_AUTORELEASING = YES;
				CLANG_WARN_BOOL_CONVERSION = YES;
				CLANG_WARN_COMMA = YES;
				CLANG_WARN_CONSTANT_CONVERSION = YES;
				CLANG_WARN_DEPRECATED_OBJC_IMPLEMENTATIONS = YES;
				CLANG_WARN_DIRECT_OBJC_ISA_USAGE = YES_ERROR;
				CLANG_WARN_DOCUMENTATION_COMMENTS = YES;
				CLANG_WARN_EMPTY_BODY = YES;
				CLANG_WARN_ENUM_CONVERSION = YES;
				CLANG_WARN_INFINITE_RECURSION = YES;
				CLANG_WARN_INT_CONVERSION = YES;
				CLANG_WARN_NON_LITERAL_NULL_CONVERSION = YES;
				CLANG_WARN_OBJC_IMPLICIT_RETAIN_SELF = YES;
				CLANG_WARN_OBJC_LITERAL_CONVERSION = YES;
				CLANG_WARN_OBJC_ROOT_CLASS = YES_ERROR;
				CLANG_WARN_QUOTED_INCLUDE_IN_FRAMEWORK_HEADER = YES;
				CLANG_WARN_RANGE_LOOP_ANALYSIS = YES;
				CLANG_WARN_STRICT_PROTOTYPES = YES;
				CLANG_WARN_SUSPICIOUS_MOVE = YES;
				CLANG_WARN_UNGUARDED_AVAILABILITY = YES_AGGRESSIVE;
				CLANG_WARN_UNREACHABLE_CODE = YES;
				CLANG_WARN__DUPLICATE_METHOD_MATCH = YES;
				COPY_PHASE_STRIP = NO;
				DEBUG_INFORMATION_FORMAT = dwarf;
				ENABLE_STRICT_OBJC_MSGSEND = YES;
				ENABLE_TESTABILITY = YES;
				GCC_C_LANGUAGE_STANDARD = gnu11;
				GCC_DYNAMIC_NO_PIC = NO;
				GCC_NO_COMMON_BLOCKS = YES;
				GCC_OPTIMIZATION_LEVEL = 0;
				GCC_PREPROCESSOR_DEFINITIONS = (
					"DEBUG=1",
					"$(inherited)",
				);
				GCC_WARN_64_TO_32_BIT_CONVERSION = YES;
				GCC_WARN_ABOUT_RETURN_TYPE = YES_ERROR;
				GCC_WARN_UNDECLARED_SELECTOR = YES;
				GCC_WARN_UNINITIALIZED_AUTOS = YES_AGGRESSIVE;
				GCC_WARN_UNUSED_FUNCTION = YES;
				GCC_WARN_UNUSED_VARIABLE = YES;
				IPHONEOS_DEPLOYMENT_TARGET = 16.4;
				MTL_ENABLE_DEBUG_INFO = INCLUDE_SOURCE;
				MTL_FAST_MATH = YES;
				ONLY_ACTIVE_ARCH = YES;
				SDKROOT = iphoneos;
				SWIFT_ACTIVE_COMPILATION_CONDITIONS = DEBUG;
				SWIFT_OPTIMIZATION_LEVEL = "-Onone";
			};
			name = Debug;
		};
		3C8F6E602AD3C816002BBF52 /* Release */ = {
			isa = XCBuildConfiguration;
			buildSettings = {
				ALWAYS_SEARCH_USER_PATHS = NO;
				CLANG_ANALYZER_NONNULL = YES;
				CLANG_ANALYZER_NUMBER_OBJECT_CONVERSION = YES_AGGRESSIVE;
				CLANG_CXX_LANGUAGE_STANDARD = "gnu++20";
				CLANG_ENABLE_MODULES = YES;
				CLANG_ENABLE_OBJC_ARC = YES;
				CLANG_ENABLE_OBJC_WEAK = YES;
				CLANG_WARN_BLOCK_CAPTURE_AUTORELEASING = YES;
				CLANG_WARN_BOOL_CONVERSION = YES;
				CLANG_WARN_COMMA = YES;
				CLANG_WARN_CONSTANT_CONVERSION = YES;
				CLANG_WARN_DEPRECATED_OBJC_IMPLEMENTATIONS = YES;
				CLANG_WARN_DIRECT_OBJC_ISA_USAGE = YES_ERROR;
				CLANG_WARN_DOCUMENTATION_COMMENTS = YES;
				CLANG_WARN_EMPTY_BODY = YES;
				CLANG_WARN_ENUM_CONVERSION = YES;
				CLANG_WARN_INFINITE_RECURSION = YES;
				CLANG_WARN_INT_CONVERSION = YES;
				CLANG_WARN_NON_LITERAL_NULL_CONVERSION = YES;
				CLANG_WARN_OBJC_IMPLICIT_RETAIN_SELF = YES;
				CLANG_WARN_OBJC_LITERAL_CONVERSION = YES;
				CLANG_WARN_OBJC_ROOT_CLASS = YES_ERROR;
				CLANG_WARN_QUOTED_INCLUDE_IN_FRAMEWORK_HEADER = YES;
				CLANG_WARN_RANGE_LOOP_ANALYSIS = YES;
				CLANG_WARN_STRICT_PROTOTYPES = YES;
				CLANG_WARN_SUSPICIOUS_MOVE = YES;
				CLANG_WARN_UNGUARDED_AVAILABILITY = YES_AGGRESSIVE;
				CLANG_WARN_UNREACHABLE_CODE = YES;
				CLANG_WARN__DUPLICATE_METHOD_MATCH = YES;
				COPY_PHASE_STRIP = NO;
				DEBUG_INFORMATION_FORMAT = "dwarf-with-dsym";
				ENABLE_NS_ASSERTIONS = NO;
				ENABLE_STRICT_OBJC_MSGSEND = YES;
				GCC_C_LANGUAGE_STANDARD = gnu11;
				GCC_NO_COMMON_BLOCKS = YES;
				GCC_WARN_64_TO_32_BIT_CONVERSION = YES;
				GCC_WARN_ABOUT_RETURN_TYPE = YES_ERROR;
				GCC_WARN_UNDECLARED_SELECTOR = YES;
				GCC_WARN_UNINITIALIZED_AUTOS = YES_AGGRESSIVE;
				GCC_WARN_UNUSED_FUNCTION = YES;
				GCC_WARN_UNUSED_VARIABLE = YES;
				IPHONEOS_DEPLOYMENT_TARGET = 16.4;
				MTL_ENABLE_DEBUG_INFO = NO;
				MTL_FAST_MATH = YES;
				SDKROOT = iphoneos;
				SWIFT_COMPILATION_MODE = wholemodule;
				SWIFT_OPTIMIZATION_LEVEL = "-O";
				VALIDATE_PRODUCT = YES;
			};
			name = Release;
		};
		3C8F6E622AD3C816002BBF52 /* Debug */ = {
			isa = XCBuildConfiguration;
			baseConfigurationReference = 5ED51C2F0D5CDE4FB6A15629 /* Pods-YummyMap.debug.xcconfig */;
			buildSettings = {
				ASSETCATALOG_COMPILER_APPICON_NAME = AppIcon;
				ASSETCATALOG_COMPILER_GLOBAL_ACCENT_COLOR_NAME = AccentColor;
				CODE_SIGN_STYLE = Automatic;
				CURRENT_PROJECT_VERSION = 1;
				DEVELOPMENT_ASSET_PATHS = "\"YummyMap/Preview Content\"";
				DEVELOPMENT_TEAM = 3T3N2732X8;
				ENABLE_PREVIEWS = YES;
				GENERATE_INFOPLIST_FILE = YES;
				INFOPLIST_FILE = YummyMap/Info.plist;
				INFOPLIST_KEY_NSLocationAlwaysAndWhenInUseUsageDescription = "해당 앱은 플레이스 정보 및 사용자의 현위치 정보를 사용하기 위해 권한이 필요합니다.";
				INFOPLIST_KEY_NSLocationWhenInUseUsageDescription = "해당 앱은 플레이스 정보 및 사용자의 현위치 정보를 사용하기 위해 권한이 필요합니다.";
				INFOPLIST_KEY_UIApplicationSceneManifest_Generation = YES;
				INFOPLIST_KEY_UIApplicationSupportsIndirectInputEvents = YES;
				INFOPLIST_KEY_UILaunchScreen_Generation = YES;
				INFOPLIST_KEY_UISupportedInterfaceOrientations_iPad = "UIInterfaceOrientationPortrait UIInterfaceOrientationPortraitUpsideDown UIInterfaceOrientationLandscapeLeft UIInterfaceOrientationLandscapeRight";
				INFOPLIST_KEY_UISupportedInterfaceOrientations_iPhone = "UIInterfaceOrientationPortrait UIInterfaceOrientationLandscapeLeft UIInterfaceOrientationLandscapeRight";
				IPHONEOS_DEPLOYMENT_TARGET = 16.0;
				LD_RUNPATH_SEARCH_PATHS = (
					"$(inherited)",
					"@executable_path/Frameworks",
				);
				MARKETING_VERSION = 1.0;
				PRODUCT_BUNDLE_IDENTIFIER = com.whales.YummyMap;
				PRODUCT_NAME = "$(TARGET_NAME)";
				SWIFT_EMIT_LOC_STRINGS = YES;
				SWIFT_VERSION = 5.0;
				TARGETED_DEVICE_FAMILY = "1,2";
			};
			name = Debug;
		};
		3C8F6E632AD3C816002BBF52 /* Release */ = {
			isa = XCBuildConfiguration;
			baseConfigurationReference = 886BC814A8B88EAFDE975BEB /* Pods-YummyMap.release.xcconfig */;
			buildSettings = {
				ASSETCATALOG_COMPILER_APPICON_NAME = AppIcon;
				ASSETCATALOG_COMPILER_GLOBAL_ACCENT_COLOR_NAME = AccentColor;
				CODE_SIGN_STYLE = Automatic;
				CURRENT_PROJECT_VERSION = 1;
				DEVELOPMENT_ASSET_PATHS = "\"YummyMap/Preview Content\"";
				DEVELOPMENT_TEAM = 3T3N2732X8;
				ENABLE_PREVIEWS = YES;
				GENERATE_INFOPLIST_FILE = YES;
				INFOPLIST_FILE = YummyMap/Info.plist;
				INFOPLIST_KEY_NSLocationAlwaysAndWhenInUseUsageDescription = "해당 앱은 플레이스 정보 및 사용자의 현위치 정보를 사용하기 위해 권한이 필요합니다.";
				INFOPLIST_KEY_NSLocationWhenInUseUsageDescription = "해당 앱은 플레이스 정보 및 사용자의 현위치 정보를 사용하기 위해 권한이 필요합니다.";
				INFOPLIST_KEY_UIApplicationSceneManifest_Generation = YES;
				INFOPLIST_KEY_UIApplicationSupportsIndirectInputEvents = YES;
				INFOPLIST_KEY_UILaunchScreen_Generation = YES;
				INFOPLIST_KEY_UISupportedInterfaceOrientations_iPad = "UIInterfaceOrientationPortrait UIInterfaceOrientationPortraitUpsideDown UIInterfaceOrientationLandscapeLeft UIInterfaceOrientationLandscapeRight";
				INFOPLIST_KEY_UISupportedInterfaceOrientations_iPhone = "UIInterfaceOrientationPortrait UIInterfaceOrientationLandscapeLeft UIInterfaceOrientationLandscapeRight";
				IPHONEOS_DEPLOYMENT_TARGET = 16.0;
				LD_RUNPATH_SEARCH_PATHS = (
					"$(inherited)",
					"@executable_path/Frameworks",
				);
				MARKETING_VERSION = 1.0;
				PRODUCT_BUNDLE_IDENTIFIER = com.whales.YummyMap;
				PRODUCT_NAME = "$(TARGET_NAME)";
				SWIFT_EMIT_LOC_STRINGS = YES;
				SWIFT_VERSION = 5.0;
				TARGETED_DEVICE_FAMILY = "1,2";
			};
			name = Release;
		};
/* End XCBuildConfiguration section */

/* Begin XCConfigurationList section */
		3C8F6E4E2AD3C814002BBF52 /* Build configuration list for PBXProject "YummyMap" */ = {
			isa = XCConfigurationList;
			buildConfigurations = (
				3C8F6E5F2AD3C816002BBF52 /* Debug */,
				3C8F6E602AD3C816002BBF52 /* Release */,
			);
			defaultConfigurationIsVisible = 0;
			defaultConfigurationName = Release;
		};
		3C8F6E612AD3C816002BBF52 /* Build configuration list for PBXNativeTarget "YummyMap" */ = {
			isa = XCConfigurationList;
			buildConfigurations = (
				3C8F6E622AD3C816002BBF52 /* Debug */,
				3C8F6E632AD3C816002BBF52 /* Release */,
			);
			defaultConfigurationIsVisible = 0;
			defaultConfigurationName = Release;
		};
/* End XCConfigurationList section */
	};
	rootObject = 3C8F6E4B2AD3C814002BBF52 /* Project object */;
}
